github.com/BurntSushi/toml v0.4.1 h1:GaI7EiDXDRfa8VshkTj7Fym7ha+y8/XxIgD2okUIjLw=
github.com/BurntSushi/toml v0.4.1/go.mod h1:CxXYINrC8qIiEnFrOxCa7Jy5BFHlXnUU2pbicEuybxQ=
github.com/gorilla/mux v1.8.0 h1:i40aqfkR1h2SlN9hojwV5ZA91wcXFOvkdNIeFDP5koI=
github.com/gorilla/mux v1.8.0/go.mod h1:DVbg23sWSpFRCP0SfiEN6jmj59UnW/n46BH5rLB71So=
github.com/saintwish/auralog v1.0.0 h1:YC3u5v08xPG2Q3xbEO3YyXQ2ViJ+8FPuqFTow6uAtJM=
github.com/saintwish/auralog v1.0.0/go.mod h1:5bGohEtJQBbBdwk2qAtWaa7fKwCpHc2gP4NCHjekxZQ=
